
Microsoft Visual Studio Solution File, Format Version 12.00
# Visual Studio Version 16
VisualStudioVersion = 16.0.29020.237
MinimumVisualStudioVersion = 10.0.40219.1
Project("{FAE04EC0-301F-11D3-BF4B-00C04F79EFBC}") = "eCommerceWebAPI", "eCommerceWebAPI\eCommerceWebAPI.csproj", "{F47A25D0-E14D-427A-B477-5486D4985724}"
EndProject
Project("{FAE04EC0-301F-11D3-BF4B-00C04F79EFBC}") = "eCommerceWebAPI.Business", "eCommerceWebAPI.Business\eCommerceWebAPI.Business.csproj", "{FEA72684-EC20-4CD0-B787-A621837FBC78}"
EndProject
Project("{FAE04EC0-301F-11D3-BF4B-00C04F79EFBC}") = "eCommerceWebAPI.Entities", "eCommerceWebAPI.Entities\eCommerceWebAPI.Entities.csproj", "{64ED36FD-53D7-4870-B58D-F84E1A4492DE}"
EndProject
Project("{FAE04EC0-301F-11D3-BF4B-00C04F79EFBC}") = "eCommerceWebAPI.Repository", "eCommerceWebAPI.Repository\eCommerceWebAPI.Repository.csproj", "{235FD1F0-3F51-44D8-8D21-D7CDB40628D0}"
EndProject
Global
	GlobalSection(SolutionConfigurationPlatforms) = preSolution
		Debug|Any CPU = Debug|Any CPU
		Release|Any CPU = Release|Any CPU
	EndGlobalSection
	GlobalSection(ProjectConfigurationPlatforms) = postSolution
		{F47A25D0-E14D-427A-B477-5486D4985724}.Debug|Any CPU.ActiveCfg = Debug|Any CPU
		{F47A25D0-E14D-427A-B477-5486D4985724}.Debug|Any CPU.Build.0 = Debug|Any CPU
		{F47A25D0-E14D-427A-B477-5486D4985724}.Release|Any CPU.ActiveCfg = Release|Any CPU
		{F47A25D0-E14D-427A-B477-5486D4985724}.Release|Any CPU.Build.0 = Release|Any CPU
		{FEA72684-EC20-4CD0-B787-A621837FBC78}.Debug|Any CPU.ActiveCfg = Debug|Any CPU
		{FEA72684-EC20-4CD0-B787-A621837FBC78}.Debug|Any CPU.Build.0 = Debug|Any CPU
		{FEA72684-EC20-4CD0-B787-A621837FBC78}.Release|Any CPU.ActiveCfg = Release|Any CPU
		{FEA72684-EC20-4CD0-B787-A621837FBC78}.Release|Any CPU.Build.0 = Release|Any CPU
		{64ED36FD-53D7-4870-B58D-F84E1A4492DE}.Debug|Any CPU.ActiveCfg = Debug|Any CPU
		{64ED36FD-53D7-4870-B58D-F84E1A4492DE}.Debug|Any CPU.Build.0 = Debug|Any CPU
		{64ED36FD-53D7-4870-B58D-F84E1A4492DE}.Release|Any CPU.ActiveCfg = Release|Any CPU
		{64ED36FD-53D7-4870-B58D-F84E1A4492DE}.Release|Any CPU.Build.0 = Release|Any CPU
		{235FD1F0-3F51-44D8-8D21-D7CDB40628D0}.Debug|Any CPU.ActiveCfg = Debug|Any CPU
		{235FD1F0-3F51-44D8-8D21-D7CDB40628D0}.Debug|Any CPU.Build.0 = Debug|Any CPU
		{235FD1F0-3F51-44D8-8D21-D7CDB40628D0}.Release|Any CPU.ActiveCfg = Release|Any CPU
		{235FD1F0-3F51-44D8-8D21-D7CDB40628D0}.Release|Any CPU.Build.0 = Release|Any CPU
	EndGlobalSection
	GlobalSection(SolutionProperties) = preSolution
		HideSolutionNode = FALSE
	EndGlobalSection
	GlobalSection(ExtensibilityGlobals) = postSolution
		SolutionGuid = {BAD30667-3780-4E6B-93A4-872B1DE043E5}
	EndGlobalSection
EndGlobal
